
Microsoft Visual Studio Solution File, Format Version 12.00
# Visual Studio Version 17
VisualStudioVersion = 17.11.35219.272
MinimumVisualStudioVersion = 10.0.40219.1
Project("{FAE04EC0-301F-11D3-BF4B-00C04F79EFBC}") = "UnitTest.APP", "UnitTest.APP\UnitTest.APP.csproj", "{2E87315F-1237-40BF-A298-5CCB853D617C}"
EndProject
Project("{FAE04EC0-301F-11D3-BF4B-00C04F79EFBC}") = "xUnitTest.Test", "xUnitTest.Test\xUnitTest.Test.csproj", "{E7BEDC76-0405-458F-9BB6-38955CFC61C7}"
EndProject
Global
	GlobalSection(SolutionConfigurationPlatforms) = preSolution
		Debug|Any CPU = Debug|Any CPU
		Release|Any CPU = Release|Any CPU
	EndGlobalSection
	GlobalSection(ProjectConfigurationPlatforms) = postSolution
		{2E87315F-1237-40BF-A298-5CCB853D617C}.Debug|Any CPU.ActiveCfg = Debug|Any CPU
		{2E87315F-1237-40BF-A298-5CCB853D617C}.Debug|Any CPU.Build.0 = Debug|Any CPU
		{2E87315F-1237-40BF-A298-5CCB853D617C}.Release|Any CPU.ActiveCfg = Release|Any CPU
		{2E87315F-1237-40BF-A298-5CCB853D617C}.Release|Any CPU.Build.0 = Release|Any CPU
		{E7BEDC76-0405-458F-9BB6-38955CFC61C7}.Debug|Any CPU.ActiveCfg = Debug|Any CPU
		{E7BEDC76-0405-458F-9BB6-38955CFC61C7}.Debug|Any CPU.Build.0 = Debug|Any CPU
		{E7BEDC76-0405-458F-9BB6-38955CFC61C7}.Release|Any CPU.ActiveCfg = Release|Any CPU
		{E7BEDC76-0405-458F-9BB6-38955CFC61C7}.Release|Any CPU.Build.0 = Release|Any CPU
	EndGlobalSection
	GlobalSection(SolutionProperties) = preSolution
		HideSolutionNode = FALSE
	EndGlobalSection
	GlobalSection(ExtensibilityGlobals) = postSolution
		SolutionGuid = {1998CB1F-FED0-4D5C-9ABD-3065A6CE515D}
	EndGlobalSection
EndGlobal
